
Microsoft Visual Studio Solution File, Format Version 12.00
# Visual Studio 15
VisualStudioVersion = 15.0.27004.2002
MinimumVisualStudioVersion = 10.0.40219.1
Project("{FAE04EC0-301F-11D3-BF4B-00C04F79EFBC}") = "DAL", "DAL\DAL.csproj", "{5BFA3DE5-5D7B-4357-9978-0FE2452601FE}"
	ProjectSection(ProjectDependencies) = postProject
		{1825B9AD-0738-421E-83B0-F41F630CD0D7} = {1825B9AD-0738-421E-83B0-F41F630CD0D7}
		{257E34B8-8B90-4B61-B896-9E1DF9C1A6D6} = {257E34B8-8B90-4B61-B896-9E1DF9C1A6D6}
	EndProjectSection
EndProject
Project("{FAE04EC0-301F-11D3-BF4B-00C04F79EFBC}") = "BLL", "BLL\BLL.csproj", "{2636707F-7473-436C-9195-3589A7B9F754}"
	ProjectSection(ProjectDependencies) = postProject
		{5BFA3DE5-5D7B-4357-9978-0FE2452601FE} = {5BFA3DE5-5D7B-4357-9978-0FE2452601FE}
	EndProjectSection
EndProject
Project("{FAE04EC0-301F-11D3-BF4B-00C04F79EFBC}") = "API", "API\API.csproj", "{6D598529-1240-4E88-96D8-397859F25440}"
	ProjectSection(ProjectDependencies) = postProject
		{0053166A-3531-4027-999A-A4034FC1A6C3} = {0053166A-3531-4027-999A-A4034FC1A6C3}
		{2636707F-7473-436C-9195-3589A7B9F754} = {2636707F-7473-436C-9195-3589A7B9F754}
	EndProjectSection
EndProject
Project("{FAE04EC0-301F-11D3-BF4B-00C04F79EFBC}") = "UI", "UI\UI.csproj", "{A294F788-780D-43AA-95A8-811BB62D112A}"
	ProjectSection(ProjectDependencies) = postProject
		{6D598529-1240-4E88-96D8-397859F25440} = {6D598529-1240-4E88-96D8-397859F25440}
		{1825B9AD-0738-421E-83B0-F41F630CD0D7} = {1825B9AD-0738-421E-83B0-F41F630CD0D7}
	EndProjectSection
EndProject
Project("{FAE04EC0-301F-11D3-BF4B-00C04F79EFBC}") = "UnitTests", "UnitTests\UnitTests.csproj", "{122E4099-7673-4826-9F8C-441D39125AF7}"
	ProjectSection(ProjectDependencies) = postProject
		{1825B9AD-0738-421E-83B0-F41F630CD0D7} = {1825B9AD-0738-421E-83B0-F41F630CD0D7}
	EndProjectSection
EndProject
Project("{FAE04EC0-301F-11D3-BF4B-00C04F79EFBC}") = "Contracts", "Contracts\Contracts.csproj", "{1825B9AD-0738-421E-83B0-F41F630CD0D7}"
EndProject
Project("{FAE04EC0-301F-11D3-BF4B-00C04F79EFBC}") = "DTO", "DTO\DTO.csproj", "{257E34B8-8B90-4B61-B896-9E1DF9C1A6D6}"
EndProject
Project("{FAE04EC0-301F-11D3-BF4B-00C04F79EFBC}") = "DependencyResolver", "DependencyResolver\DependencyResolver.csproj", "{0053166A-3531-4027-999A-A4034FC1A6C3}"
	ProjectSection(ProjectDependencies) = postProject
		{2636707F-7473-436C-9195-3589A7B9F754} = {2636707F-7473-436C-9195-3589A7B9F754}
		{5BFA3DE5-5D7B-4357-9978-0FE2452601FE} = {5BFA3DE5-5D7B-4357-9978-0FE2452601FE}
	EndProjectSection
EndProject
Global
	GlobalSection(SolutionConfigurationPlatforms) = preSolution
		Debug|Any CPU = Debug|Any CPU
		Release|Any CPU = Release|Any CPU
	EndGlobalSection
	GlobalSection(ProjectConfigurationPlatforms) = postSolution
		{5BFA3DE5-5D7B-4357-9978-0FE2452601FE}.Debug|Any CPU.ActiveCfg = Debug|Any CPU
		{5BFA3DE5-5D7B-4357-9978-0FE2452601FE}.Debug|Any CPU.Build.0 = Debug|Any CPU
		{5BFA3DE5-5D7B-4357-9978-0FE2452601FE}.Release|Any CPU.ActiveCfg = Release|Any CPU
		{5BFA3DE5-5D7B-4357-9978-0FE2452601FE}.Release|Any CPU.Build.0 = Release|Any CPU
		{2636707F-7473-436C-9195-3589A7B9F754}.Debug|Any CPU.ActiveCfg = Debug|Any CPU
		{2636707F-7473-436C-9195-3589A7B9F754}.Debug|Any CPU.Build.0 = Debug|Any CPU
		{2636707F-7473-436C-9195-3589A7B9F754}.Release|Any CPU.ActiveCfg = Release|Any CPU
		{2636707F-7473-436C-9195-3589A7B9F754}.Release|Any CPU.Build.0 = Release|Any CPU
		{6D598529-1240-4E88-96D8-397859F25440}.Debug|Any CPU.ActiveCfg = Debug|Any CPU
		{6D598529-1240-4E88-96D8-397859F25440}.Debug|Any CPU.Build.0 = Debug|Any CPU
		{6D598529-1240-4E88-96D8-397859F25440}.Release|Any CPU.ActiveCfg = Release|Any CPU
		{6D598529-1240-4E88-96D8-397859F25440}.Release|Any CPU.Build.0 = Release|Any CPU
		{A294F788-780D-43AA-95A8-811BB62D112A}.Debug|Any CPU.ActiveCfg = Debug|Any CPU
		{A294F788-780D-43AA-95A8-811BB62D112A}.Debug|Any CPU.Build.0 = Debug|Any CPU
		{A294F788-780D-43AA-95A8-811BB62D112A}.Release|Any CPU.ActiveCfg = Release|Any CPU
		{A294F788-780D-43AA-95A8-811BB62D112A}.Release|Any CPU.Build.0 = Release|Any CPU
		{122E4099-7673-4826-9F8C-441D39125AF7}.Debug|Any CPU.ActiveCfg = Debug|Any CPU
		{122E4099-7673-4826-9F8C-441D39125AF7}.Debug|Any CPU.Build.0 = Debug|Any CPU
		{122E4099-7673-4826-9F8C-441D39125AF7}.Release|Any CPU.ActiveCfg = Release|Any CPU
		{122E4099-7673-4826-9F8C-441D39125AF7}.Release|Any CPU.Build.0 = Release|Any CPU
		{1825B9AD-0738-421E-83B0-F41F630CD0D7}.Debug|Any CPU.ActiveCfg = Debug|Any CPU
		{1825B9AD-0738-421E-83B0-F41F630CD0D7}.Debug|Any CPU.Build.0 = Debug|Any CPU
		{1825B9AD-0738-421E-83B0-F41F630CD0D7}.Release|Any CPU.ActiveCfg = Release|Any CPU
		{1825B9AD-0738-421E-83B0-F41F630CD0D7}.Release|Any CPU.Build.0 = Release|Any CPU
		{257E34B8-8B90-4B61-B896-9E1DF9C1A6D6}.Debug|Any CPU.ActiveCfg = Debug|Any CPU
		{257E34B8-8B90-4B61-B896-9E1DF9C1A6D6}.Debug|Any CPU.Build.0 = Debug|Any CPU
		{257E34B8-8B90-4B61-B896-9E1DF9C1A6D6}.Release|Any CPU.ActiveCfg = Release|Any CPU
		{257E34B8-8B90-4B61-B896-9E1DF9C1A6D6}.Release|Any CPU.Build.0 = Release|Any CPU
		{0053166A-3531-4027-999A-A4034FC1A6C3}.Debug|Any CPU.ActiveCfg = Debug|Any CPU
		{0053166A-3531-4027-999A-A4034FC1A6C3}.Debug|Any CPU.Build.0 = Debug|Any CPU
		{0053166A-3531-4027-999A-A4034FC1A6C3}.Release|Any CPU.ActiveCfg = Release|Any CPU
		{0053166A-3531-4027-999A-A4034FC1A6C3}.Release|Any CPU.Build.0 = Release|Any CPU
	EndGlobalSection
	GlobalSection(SolutionProperties) = preSolution
		HideSolutionNode = FALSE
	EndGlobalSection
	GlobalSection(ExtensibilityGlobals) = postSolution
		SolutionGuid = {A7802FBD-9A0E-428C-8E81-3874CE2403A8}
	EndGlobalSection
EndGlobal
